{
  "name": "tracabot",
  "version": "0.1.1",
  "lockfileVersion": 3,
  "requires": true,
  "packages": {
    "": {
      "name": "tracabot",
      "version": "0.1.1",
      "license": "MIT",
      "bin": {
        "tracabot": "bin/tracabot.js",
        "tracabot-openclaw-learning-loop": "bin/openclaw-learning-loop.js",
        "tracabot-skill": "bin/tracabot-skill.js"
      },
      "engines": {
        "node": ">=22.20.0"
      }
    }
  }
}
