{
  "name": "tracabot",
  "version": "0.1.0",
  "lockfileVersion": 3,
  "requires": true,
  "packages": {
    "": {
      "name": "tracabot",
      "version": "0.1.0",
      "license": "MIT",
      "bin": {
        "tracabot": "bin/tracabot.js"
      },
      "engines": {
        "node": ">=22.20.0"
      }
    }
  }
}
